
Microsoft Visual Studio Solution File, Format Version 12.00
# Visual Studio Version 17
VisualStudioVersion = 17.7.34031.279
MinimumVisualStudioVersion = 10.0.40219.1
Project("{9A19103F-16F7-4668-BE54-9A1E7A4F7556}") = "DesafioSiemensEnergy", "DesafioSiemensEnergy.csproj", "{FEEB954C-53BF-4F4A-9D16-410E15DBBF29}"
EndProject
Global
	GlobalSection(SolutionConfigurationPlatforms) = preSolution
		Debug|Any CPU = Debug|Any CPU
		Release|Any CPU = Release|Any CPU
	EndGlobalSection
	GlobalSection(ProjectConfigurationPlatforms) = postSolution
		{FEEB954C-53BF-4F4A-9D16-410E15DBBF29}.Debug|Any CPU.ActiveCfg = Debug|Any CPU
		{FEEB954C-53BF-4F4A-9D16-410E15DBBF29}.Debug|Any CPU.Build.0 = Debug|Any CPU
		{FEEB954C-53BF-4F4A-9D16-410E15DBBF29}.Release|Any CPU.ActiveCfg = Release|Any CPU
		{FEEB954C-53BF-4F4A-9D16-410E15DBBF29}.Release|Any CPU.Build.0 = Release|Any CPU
	EndGlobalSection
	GlobalSection(SolutionProperties) = preSolution
		HideSolutionNode = FALSE
	EndGlobalSection
	GlobalSection(ExtensibilityGlobals) = postSolution
		SolutionGuid = {0564D106-28B9-4D11-8155-2214F92E3D22}
	EndGlobalSection
EndGlobal
